
Microsoft Visual Studio Solution File, Format Version 12.00
# Visual Studio Version 16
VisualStudioVersion = 16.0.29411.108
MinimumVisualStudioVersion = 10.0.40219.1
Project("{FAE04EC0-301F-11D3-BF4B-00C04F79EFBC}") = "test", "test.csproj", "{6F146F0C-0C4D-4927-828D-DF541F90820F}"
EndProject
Global
	GlobalSection(SolutionConfigurationPlatforms) = preSolution
		Debug|Any CPU = Debug|Any CPU
		Release|Any CPU = Release|Any CPU
	EndGlobalSection
	GlobalSection(ProjectConfigurationPlatforms) = postSolution
		{6F146F0C-0C4D-4927-828D-DF541F90820F}.Debug|Any CPU.ActiveCfg = Debug|Any CPU
		{6F146F0C-0C4D-4927-828D-DF541F90820F}.Debug|Any CPU.Build.0 = Debug|Any CPU
		{6F146F0C-0C4D-4927-828D-DF541F90820F}.Release|Any CPU.ActiveCfg = Release|Any CPU
		{6F146F0C-0C4D-4927-828D-DF541F90820F}.Release|Any CPU.Build.0 = Release|Any CPU
	EndGlobalSection
	GlobalSection(SolutionProperties) = preSolution
		HideSolutionNode = FALSE
	EndGlobalSection
	GlobalSection(ExtensibilityGlobals) = postSolution
		SolutionGuid = {B234AE3A-975C-4FDA-8C4F-E291F401B02B}
	EndGlobalSection
EndGlobal
